
Microsoft Visual Studio Solution File, Format Version 12.00
# Visual Studio Version 17
VisualStudioVersion = 17.0.31903.59
MinimumVisualStudioVersion = 10.0.40219.1
Project("{2150E333-8FDC-42A3-9474-1A3956D46DE8}") = "src", "src", "{1C07E5F3-D4E3-4758-A654-D8FA2FCACB86}"
EndProject
Project("{9A19103F-16F7-4668-BE54-9A1E7A4F7556}") = "AuctionService", "src\AuctionService\AuctionService.csproj", "{630E2A31-0707-4369-9F22-4933F520565F}"
EndProject
Project("{FAE04EC0-301F-11D3-BF4B-00C04F79EFBC}") = "SearchService", "src\SearchService\SearchService.csproj", "{6C5C1770-7C3C-4986-9ED7-2989FD233638}"
EndProject
Global
	GlobalSection(SolutionConfigurationPlatforms) = preSolution
		Debug|Any CPU = Debug|Any CPU
		Release|Any CPU = Release|Any CPU
	EndGlobalSection
	GlobalSection(ProjectConfigurationPlatforms) = postSolution
		{630E2A31-0707-4369-9F22-4933F520565F}.Debug|Any CPU.ActiveCfg = Debug|Any CPU
		{630E2A31-0707-4369-9F22-4933F520565F}.Debug|Any CPU.Build.0 = Debug|Any CPU
		{630E2A31-0707-4369-9F22-4933F520565F}.Release|Any CPU.ActiveCfg = Release|Any CPU
		{630E2A31-0707-4369-9F22-4933F520565F}.Release|Any CPU.Build.0 = Release|Any CPU
		{6C5C1770-7C3C-4986-9ED7-2989FD233638}.Debug|Any CPU.ActiveCfg = Debug|Any CPU
		{6C5C1770-7C3C-4986-9ED7-2989FD233638}.Debug|Any CPU.Build.0 = Debug|Any CPU
		{6C5C1770-7C3C-4986-9ED7-2989FD233638}.Release|Any CPU.ActiveCfg = Release|Any CPU
		{6C5C1770-7C3C-4986-9ED7-2989FD233638}.Release|Any CPU.Build.0 = Release|Any CPU
	EndGlobalSection
	GlobalSection(SolutionProperties) = preSolution
		HideSolutionNode = FALSE
	EndGlobalSection
	GlobalSection(NestedProjects) = preSolution
		{630E2A31-0707-4369-9F22-4933F520565F} = {1C07E5F3-D4E3-4758-A654-D8FA2FCACB86}
		{6C5C1770-7C3C-4986-9ED7-2989FD233638} = {1C07E5F3-D4E3-4758-A654-D8FA2FCACB86}
	EndGlobalSection
	GlobalSection(ExtensibilityGlobals) = postSolution
		SolutionGuid = {54227890-880F-4C66-9235-197464D595C0}
	EndGlobalSection
EndGlobal
